<?xml version="1.0" encoding="utf-8"?>
<Project ToolsVersion="4.0" xmlns="http://schemas.microsoft.com/developer/msbuild/2003">
  <ItemGroup>
    <Filter Include="소스 파일">
      <UniqueIdentifier>{4FC737F1-C7A5-4376-A066-2A32D752A2FF}</UniqueIdentifier>
      <Extensions>cpp;c;cc;cxx;c++;cppm;ixx;def;odl;idl;hpj;bat;asm;asmx</Extensions>
    </Filter>
    <Filter Include="헤더 파일">
      <UniqueIdentifier>{93995380-89BD-4b04-88EB-625FBE52EBFB}</UniqueIdentifier>
      <Extensions>h;hh;hpp;hxx;h++;hm;inl;inc;ipp;xsd</Extensions>
    </Filter>
    <Filter Include="리소스 파일">
      <UniqueIdentifier>{67DA6AB6-F800-4c08-8B7A-83BB121AAD01}</UniqueIdentifier>
      <Extensions>rc;ico;cur;bmp;dlg;rc2;rct;bin;rgs;gif;jpg;jpeg;jpe;resx;tiff;tif;png;wav;mfcribbon-ms</Extensions>
    </Filter>
  </ItemGroup>
  <ItemGroup>
    <ClCompile Include="main.cpp">
      <Filter>소스 파일</Filter>
    </ClCompile>
    <ClCompile Include="D3D12App.cpp">
      <Filter>소스 파일</Filter>
    </ClCompile>
    <ClCompile Include="Timer.cpp">
      <Filter>소스 파일</Filter>
    </ClCompile>
    <ClCompile Include="SimpleApp.cpp">
      <Filter>소스 파일</Filter>
    </ClCompile>
    <ClCompile Include="Utility.cpp">
      <Filter>소스 파일</Filter>
    </ClCompile>
    <ClCompile Include="Command.cpp">
      <Filter>소스 파일</Filter>
    </ClCompile>
    <ClCompile Include="InputHandler.cpp">
      <Filter>소스 파일</Filter>
    </ClCompile>
    <ClCompile Include="Actor.cpp">
      <Filter>소스 파일</Filter>
    </ClCompile>
    <ClCompile Include="SceneComponent.cpp">
      <Filter>소스 파일</Filter>
    </ClCompile>
    <ClCompile Include="Camera.cpp">
      <Filter>소스 파일</Filter>
    </ClCompile>
    <ClCompile Include="StaticMesh.cpp">
      <Filter>소스 파일</Filter>
    </ClCompile>
    <ClCompile Include="GeometryGenerator.cpp">
      <Filter>소스 파일</Filter>
    </ClCompile>
    <ClCompile Include="Object.cpp">
      <Filter>소스 파일</Filter>
    </ClCompile>
    <ClCompile Include="ModelLoader.cpp">
      <Filter>소스 파일</Filter>
    </ClCompile>
    <ClCompile Include="RootSignature.cpp">
      <Filter>소스 파일</Filter>
    </ClCompile>
    <ClCompile Include="Renderer.cpp">
      <Filter>소스 파일</Filter>
    </ClCompile>
    <ClCompile Include="PipelineState.cpp">
      <Filter>소스 파일</Filter>
    </ClCompile>
    <ClCompile Include="D3D12ComputeShaderApp.cpp">
      <Filter>소스 파일</Filter>
    </ClCompile>
    <ClCompile Include="D3D12PassApp.cpp">
      <Filter>소스 파일</Filter>
    </ClCompile>
    <ClCompile Include="AnimationClip.cpp">
      <Filter>소스 파일</Filter>
    </ClCompile>
    <ClCompile Include="FBX.cpp">
      <Filter>소스 파일</Filter>
    </ClCompile>
    <ClCompile Include="D3D12SimulationApp.cpp">
      <Filter>소스 파일</Filter>
    </ClCompile>
    <ClCompile Include="Particle.cpp">
      <Filter>소스 파일</Filter>
    </ClCompile>
    <ClCompile Include="D3D12PhysxSimulationApp.cpp">
      <Filter>소스 파일</Filter>
    </ClCompile>
    <ClCompile Include="D3D12RayTracingApp.cpp">
      <Filter>소스 파일</Filter>
    </ClCompile>
    <ClCompile Include="Buffer.cpp">
      <Filter>소스 파일</Filter>
    </ClCompile>
    <ClCompile Include="SteamOnlineSystem.cpp">
      <Filter>소스 파일</Filter>
    </ClCompile>
    <ClCompile Include="CameraComponent.cpp">
      <Filter>소스 파일</Filter>
    </ClCompile>
    <ClCompile Include="Character.cpp">
      <Filter>소스 파일</Filter>
    </ClCompile>
  </ItemGroup>
  <ItemGroup>
    <ClInclude Include="D3D12App.h">
      <Filter>헤더 파일</Filter>
    </ClInclude>
    <ClInclude Include="SimpleApp.h">
      <Filter>헤더 파일</Filter>
    </ClInclude>
    <ClInclude Include="Timer.h">
      <Filter>헤더 파일</Filter>
    </ClInclude>
    <ClInclude Include="MeshData.h">
      <Filter>헤더 파일</Filter>
    </ClInclude>
    <ClInclude Include="Vertex.h">
      <Filter>헤더 파일</Filter>
    </ClInclude>
    <ClInclude Include="Utility.h">
      <Filter>헤더 파일</Filter>
    </ClInclude>
    <ClInclude Include="InputHandler.h">
      <Filter>헤더 파일</Filter>
    </ClInclude>
    <ClInclude Include="Command.h">
      <Filter>헤더 파일</Filter>
    </ClInclude>
    <ClInclude Include="Object.h">
      <Filter>헤더 파일</Filter>
    </ClInclude>
    <ClInclude Include="SceneComponent.h">
      <Filter>헤더 파일</Filter>
    </ClInclude>
    <ClInclude Include="ActorComponent.h">
      <Filter>헤더 파일</Filter>
    </ClInclude>
    <ClInclude Include="Actor.h">
      <Filter>헤더 파일</Filter>
    </ClInclude>
    <ClInclude Include="PrimitiveComponent.h">
      <Filter>헤더 파일</Filter>
    </ClInclude>
    <ClInclude Include="CameraComponent.h">
      <Filter>헤더 파일</Filter>
    </ClInclude>
    <ClInclude Include="Camera.h">
      <Filter>헤더 파일</Filter>
    </ClInclude>
    <ClInclude Include="StaticMesh.h">
      <Filter>헤더 파일</Filter>
    </ClInclude>
    <ClInclude Include="Constants.h">
      <Filter>헤더 파일</Filter>
    </ClInclude>
    <ClInclude Include="GeometryGenerator.h">
      <Filter>헤더 파일</Filter>
    </ClInclude>
    <ClInclude Include="PipelineState.h">
      <Filter>헤더 파일</Filter>
    </ClInclude>
    <ClInclude Include="Renderer.h">
      <Filter>헤더 파일</Filter>
    </ClInclude>
    <ClInclude Include="ModelLoader.h">
      <Filter>헤더 파일</Filter>
    </ClInclude>
    <ClInclude Include="RootSignature.h">
      <Filter>헤더 파일</Filter>
    </ClInclude>
    <ClInclude Include="D3D12ComputeShaderApp.h">
      <Filter>헤더 파일</Filter>
    </ClInclude>
    <ClInclude Include="D3D12PassApp.h">
      <Filter>헤더 파일</Filter>
    </ClInclude>
    <ClInclude Include="AnimationClip.h">
      <Filter>헤더 파일</Filter>
    </ClInclude>
    <ClInclude Include="FBX.h">
      <Filter>헤더 파일</Filter>
    </ClInclude>
    <ClInclude Include="D3D12SimulationApp.h">
      <Filter>헤더 파일</Filter>
    </ClInclude>
    <ClInclude Include="Particle.h">
      <Filter>헤더 파일</Filter>
    </ClInclude>
    <ClInclude Include="D3D12PhysxSimulationApp.h">
      <Filter>헤더 파일</Filter>
    </ClInclude>
    <ClInclude Include="D3D12RayTracingApp.h">
      <Filter>헤더 파일</Filter>
    </ClInclude>
    <ClInclude Include="HlslCompat.h">
      <Filter>헤더 파일</Filter>
    </ClInclude>
    <ClInclude Include="RaytracingHlslCompat.h">
      <Filter>헤더 파일</Filter>
    </ClInclude>
    <ClInclude Include="RaytracingHelper.h">
      <Filter>헤더 파일</Filter>
    </ClInclude>
    <ClInclude Include="Buffer.h">
      <Filter>헤더 파일</Filter>
    </ClInclude>
    <ClInclude Include="SteamOnlineSystem.h">
      <Filter>헤더 파일</Filter>
    </ClInclude>
    <ClInclude Include="Character.h">
      <Filter>헤더 파일</Filter>
    </ClInclude>
    <ClInclude Include="SimulationHlslCompat.h">
      <Filter>헤더 파일</Filter>
    </ClInclude>
  </ItemGroup>
  <ItemGroup>
    <FxCompile Include="TestVS.hlsl" />
    <FxCompile Include="TestPS.hlsl" />
    <FxCompile Include="PostprocessingCS.hlsl" />
    <FxCompile Include="CubeMapVS.hlsl" />
    <FxCompile Include="CubeMapPS.hlsl" />
    <FxCompile Include="CopyVS.hlsl" />
    <FxCompile Include="CopyPS.hlsl" />
    <FxCompile Include="GeometryPassTesslationVS.hlsl" />
    <FxCompile Include="GeometryPassPS.hlsl" />
    <FxCompile Include="LightPassPS.hlsl" />
    <FxCompile Include="LightPassVS.hlsl" />
    <FxCompile Include="DrawNormalPassGS.hlsl" />
    <FxCompile Include="DrawNormalPassPS.hlsl" />
    <FxCompile Include="DrawNormalPassVS.hlsl" />
    <FxCompile Include="GeometryPassDS.hlsl" />
    <FxCompile Include="GeometryPassHS.hlsl" />
    <FxCompile Include="GeometryPassTriangleDS.hlsl" />
    <FxCompile Include="GeometryPassTriangleHS.hlsl" />
    <FxCompile Include="FbxGeometryPassVS.hlsl" />
    <FxCompile Include="SimulationParticlesCS.hlsl" />
    <FxCompile Include="SimulationParticlesVS.hlsl" />
    <FxCompile Include="SimulationParticlesPS.hlsl" />
    <FxCompile Include="SimulationParticlesGS.hlsl" />
    <FxCompile Include="GeometryPassVS.hlsl" />
    <FxCompile Include="Raytracing.hlsl" />
    <FxCompile Include="RenderBoundingBoxPassGS.hlsl" />
    <FxCompile Include="RenderBoundingBoxPassVS.hlsl" />
    <FxCompile Include="RenderBoundingBoxPassPS.hlsl" />
    <FxCompile Include="SimulationPostProcessingCS.hlsl" />
    <FxCompile Include="SphSimulationParticlesCS.hlsl" />
    <FxCompile Include="SphComputeRhoCS.hlsl" />
    <FxCompile Include="SphComputeForcesCS.hlsl" />
  </ItemGroup>
  <ItemGroup>
    <None Include="Common.hlsli" />
    <None Include="GeometryPass.hlsli" />
    <None Include="DrawNormalPass.hlsli" />
    <None Include="packages.config" />
    <None Include="SimulationParticles.hlsli" />
    <None Include="RaytracingShaderHelper.hlsli" />
    <None Include="LightPass.hlsli" />
    <None Include="RenderBoundingBoxPass.hlsli" />
    <None Include="Particle.hlsli" />
  </ItemGroup>
</Project>